
Microsoft Visual Studio Solution File, Format Version 12.00
# Visual Studio Version 17
VisualStudioVersion = 17.9.34902.65
MinimumVisualStudioVersion = 10.0.40219.1
Project("{FAE04EC0-301F-11D3-BF4B-00C04F79EFBC}") = "cls_1", "cls_1\cls_1.csproj", "{C49AD409-2AE5-4047-93B3-6E91D49C4531}"
EndProject
Global
	GlobalSection(SolutionConfigurationPlatforms) = preSolution
		Debug|Any CPU = Debug|Any CPU
		Release|Any CPU = Release|Any CPU
	EndGlobalSection
	GlobalSection(ProjectConfigurationPlatforms) = postSolution
		{C49AD409-2AE5-4047-93B3-6E91D49C4531}.Debug|Any CPU.ActiveCfg = Debug|Any CPU
		{C49AD409-2AE5-4047-93B3-6E91D49C4531}.Debug|Any CPU.Build.0 = Debug|Any CPU
		{C49AD409-2AE5-4047-93B3-6E91D49C4531}.Release|Any CPU.ActiveCfg = Release|Any CPU
		{C49AD409-2AE5-4047-93B3-6E91D49C4531}.Release|Any CPU.Build.0 = Release|Any CPU
	EndGlobalSection
	GlobalSection(SolutionProperties) = preSolution
		HideSolutionNode = FALSE
	EndGlobalSection
	GlobalSection(ExtensibilityGlobals) = postSolution
		SolutionGuid = {657CDD98-EB90-4C61-84F5-FA3E3DBEEFBB}
	EndGlobalSection
EndGlobal
